
Microsoft Visual Studio Solution File, Format Version 12.00
# Visual Studio Version 17
VisualStudioVersion = 17.5.002.0
MinimumVisualStudioVersion = 10.0.40219.1
Project("{9A19103F-16F7-4668-BE54-9A1E7A4F7556}") = "IntelitraderTest", "IntelitraderTest.csproj", "{410A3B19-7E0E-4264-B486-CB7591108824}"
EndProject
Global
	GlobalSection(SolutionConfigurationPlatforms) = preSolution
		Debug|Any CPU = Debug|Any CPU
		Release|Any CPU = Release|Any CPU
	EndGlobalSection
	GlobalSection(ProjectConfigurationPlatforms) = postSolution
		{410A3B19-7E0E-4264-B486-CB7591108824}.Debug|Any CPU.ActiveCfg = Debug|Any CPU
		{410A3B19-7E0E-4264-B486-CB7591108824}.Debug|Any CPU.Build.0 = Debug|Any CPU
		{410A3B19-7E0E-4264-B486-CB7591108824}.Release|Any CPU.ActiveCfg = Release|Any CPU
		{410A3B19-7E0E-4264-B486-CB7591108824}.Release|Any CPU.Build.0 = Release|Any CPU
	EndGlobalSection
	GlobalSection(SolutionProperties) = preSolution
		HideSolutionNode = FALSE
	EndGlobalSection
	GlobalSection(ExtensibilityGlobals) = postSolution
		SolutionGuid = {697017CD-995C-4466-B3CA-38E3BA26A22B}
	EndGlobalSection
EndGlobal
